// !$*UTF8*$!
{
	archiveVersion = 1;
	classes = {
	};
	objectVersion = 50;
	objects = {

/* Begin PBXBuildFile section */
		0902451321C117BF00F557EC /* popupVC.swift in Sources */ = {isa = PBXBuildFile; fileRef = 0902451221C117BF00F557EC /* popupVC.swift */; };
		09250005217DA76B004B0350 /* VideoDetailViewController.swift in Sources */ = {isa = PBXBuildFile; fileRef = 09250004217DA76B004B0350 /* VideoDetailViewController.swift */; };
		093AFEAA2178609C00B66E20 /* Video.swift in Sources */ = {isa = PBXBuildFile; fileRef = 093AFEA92178609C00B66E20 /* Video.swift */; };
		093AFEAC2178624E00B66E20 /* VideoModel.swift in Sources */ = {isa = PBXBuildFile; fileRef = 093AFEAB2178624E00B66E20 /* VideoModel.swift */; };
		0940F8F021A5309800C7E142 /* appstoreLogo.png in Resources */ = {isa = PBXBuildFile; fileRef = 0940F8EF21A5309800C7E142 /* appstoreLogo.png */; };
		0940F8F221A5326F00C7E142 /* appstoreLogo.jpg in Resources */ = {isa = PBXBuildFile; fileRef = 0940F8F121A5326F00C7E142 /* appstoreLogo.jpg */; };
		099D52FD2175C19E00E7B228 /* AppDelegate.swift in Sources */ = {isa = PBXBuildFile; fileRef = 099D52FC2175C19E00E7B228 /* AppDelegate.swift */; };
		099D52FF2175C19E00E7B228 /* ViewController.swift in Sources */ = {isa = PBXBuildFile; fileRef = 099D52FE2175C19E00E7B228 /* ViewController.swift */; };
		099D53022175C19E00E7B228 /* Main.storyboard in Resources */ = {isa = PBXBuildFile; fileRef = 099D53002175C19E00E7B228 /* Main.storyboard */; };
		099D53042175C1BC00E7B228 /* Assets.xcassets in Resources */ = {isa = PBXBuildFile; fileRef = 099D53032175C1BC00E7B228 /* Assets.xcassets */; };
		099D53072175C1BC00E7B228 /* LaunchScreen.storyboard in Resources */ = {isa = PBXBuildFile; fileRef = 099D53052175C1BC00E7B228 /* LaunchScreen.storyboard */; };
		099D53122175C1BF00E7B228 /* Test_CocoaTests.swift in Sources */ = {isa = PBXBuildFile; fileRef = 099D53112175C1BF00E7B228 /* Test_CocoaTests.swift */; };
		099D531D2175C1BF00E7B228 /* Test_CocoaUITests.swift in Sources */ = {isa = PBXBuildFile; fileRef = 099D531C2175C1BF00E7B228 /* Test_CocoaUITests.swift */; };
		09F1F55421981097000D2FCB /* farias_header.png in Resources */ = {isa = PBXBuildFile; fileRef = 09F1F55321981096000D2FCB /* farias_header.png */; };
		09F1F5582198118B000D2FCB /* Header.jpg in Resources */ = {isa = PBXBuildFile; fileRef = 09F1F5552198118B000D2FCB /* Header.jpg */; };
		09F1F55A2198118B000D2FCB /* Logo_Official.png in Resources */ = {isa = PBXBuildFile; fileRef = 09F1F5572198118B000D2FCB /* Logo_Official.png */; };
		09F1F56421981BA3000D2FCB /* Header.png in Resources */ = {isa = PBXBuildFile; fileRef = 09F1F56321981BA3000D2FCB /* Header.png */; };
		09F1F568219821FB000D2FCB /* Logo.png in Resources */ = {isa = PBXBuildFile; fileRef = 09F1F567219821FB000D2FCB /* Logo.png */; };
		09F229C0219AC3C90034E9D7 /* LogoIcon 2020.png in Resources */ = {isa = PBXBuildFile; fileRef = 09F229BD219AC3C90034E9D7 /* LogoIcon 2020.png */; };
		09F229C1219AC3C90034E9D7 /* LogoIcon4040.png in Resources */ = {isa = PBXBuildFile; fileRef = 09F229BE219AC3C90034E9D7 /* LogoIcon4040.png */; };
		09F229C2219AC3C90034E9D7 /* LogoIcon 6060.png in Resources */ = {isa = PBXBuildFile; fileRef = 09F229BF219AC3C90034E9D7 /* LogoIcon 6060.png */; };
		09F229C6219AC4E30034E9D7 /* LogoIcon 8080.png in Resources */ = {isa = PBXBuildFile; fileRef = 09F229C5219AC4E30034E9D7 /* LogoIcon 8080.png */; };
		09F229C8219AC5100034E9D7 /* LogoIcon 2929.png in Resources */ = {isa = PBXBuildFile; fileRef = 09F229C7219AC50F0034E9D7 /* LogoIcon 2929.png */; };
		09F229CA219AC5900034E9D7 /* LogoIcon 120120.png in Resources */ = {isa = PBXBuildFile; fileRef = 09F229C9219AC5900034E9D7 /* LogoIcon 120120.png */; };
		09F229CC219AC5D30034E9D7 /* LogoIcon 5858.png in Resources */ = {isa = PBXBuildFile; fileRef = 09F229CB219AC5D30034E9D7 /* LogoIcon 5858.png */; };
		09F229CE219AC62B0034E9D7 /* LogoIcon 8787.png in Resources */ = {isa = PBXBuildFile; fileRef = 09F229CD219AC62B0034E9D7 /* LogoIcon 8787.png */; };
		09F229D0219AC6630034E9D7 /* LogoIcon 180180.png in Resources */ = {isa = PBXBuildFile; fileRef = 09F229CF219AC6630034E9D7 /* LogoIcon 180180.png */; };
		09F229D2219AC69B0034E9D7 /* LogoIcon 7676.png in Resources */ = {isa = PBXBuildFile; fileRef = 09F229D1219AC69B0034E9D7 /* LogoIcon 7676.png */; };
		09F229D4219AC6C40034E9D7 /* LogoIcon 152152.png in Resources */ = {isa = PBXBuildFile; fileRef = 09F229D3219AC6C40034E9D7 /* LogoIcon 152152.png */; };
		09F229D6219AC6E80034E9D7 /* LogoIcon 167167.png in Resources */ = {isa = PBXBuildFile; fileRef = 09F229D5219AC6E80034E9D7 /* LogoIcon 167167.png */; };
		09F229D8219AC71C0034E9D7 /* LogoIcon 10241024.png in Resources */ = {isa = PBXBuildFile; fileRef = 09F229D7219AC71B0034E9D7 /* LogoIcon 10241024.png */; };
		25D7F9CDA5875C6BC08EA790 /* Pods_Test_CocoaTests.framework in Frameworks */ = {isa = PBXBuildFile; fileRef = A83E26AE9270DECFAFB8BA8E /* Pods_Test_CocoaTests.framework */; };
		93370C40207B8D5B7028EE34 /* Pods_Test_CocoaUITests.framework in Frameworks */ = {isa = PBXBuildFile; fileRef = 7DB66DC7A0D94D2A897FF00B /* Pods_Test_CocoaUITests.framework */; };
		AD3361459E9A3A27DE84ED16 /* Pods_Test_Cocoa.framework in Frameworks */ = {isa = PBXBuildFile; fileRef = 78062E82384ABB3375FFAFA8 /* Pods_Test_Cocoa.framework */; };
/* End PBXBuildFile section */

/* Begin PBXContainerItemProxy section */
		099D530E2175C1BF00E7B228 /* PBXContainerItemProxy */ = {
			isa = PBXContainerItemProxy;
			containerPortal = 099D52F12175C19E00E7B228 /* Project object */;
			proxyType = 1;
			remoteGlobalIDString = 099D52F82175C19E00E7B228;
			remoteInfo = "Test-Cocoa";
		};
		099D53192175C1BF00E7B228 /* PBXContainerItemProxy */ = {
			isa = PBXContainerItemProxy;
			containerPortal = 099D52F12175C19E00E7B228 /* Project object */;
			proxyType = 1;
			remoteGlobalIDString = 099D52F82175C19E00E7B228;
			remoteInfo = "Test-Cocoa";
		};
/* End PBXContainerItemProxy section */

/* Begin PBXFileReference section */
		0902451221C117BF00F557EC /* popupVC.swift */ = {isa = PBXFileReference; lastKnownFileType = sourcecode.swift; path = popupVC.swift; sourceTree = "<group>"; };
		09250004217DA76B004B0350 /* VideoDetailViewController.swift */ = {isa = PBXFileReference; lastKnownFileType = sourcecode.swift; path = VideoDetailViewController.swift; sourceTree = "<group>"; };
		093AFEA92178609C00B66E20 /* Video.swift */ = {isa = PBXFileReference; lastKnownFileType = sourcecode.swift; path = Video.swift; sourceTree = "<group>"; };
		093AFEAB2178624E00B66E20 /* VideoModel.swift */ = {isa = PBXFileReference; lastKnownFileType = sourcecode.swift; path = VideoModel.swift; sourceTree = "<group>"; };
		0940F8EF21A5309800C7E142 /* appstoreLogo.png */ = {isa = PBXFileReference; lastKnownFileType = image.png; path = appstoreLogo.png; sourceTree = SOURCE_ROOT; };
		0940F8F121A5326F00C7E142 /* appstoreLogo.jpg */ = {isa = PBXFileReference; lastKnownFileType = image.jpeg; path = appstoreLogo.jpg; sourceTree = SOURCE_ROOT; };
		099D52F92175C19E00E7B228 /* Test-Cocoa.app */ = {isa = PBXFileReference; explicitFileType = wrapper.application; includeInIndex = 0; path = "Test-Cocoa.app"; sourceTree = BUILT_PRODUCTS_DIR; };
		099D52FC2175C19E00E7B228 /* AppDelegate.swift */ = {isa = PBXFileReference; lastKnownFileType = sourcecode.swift; path = AppDelegate.swift; sourceTree = "<group>"; };
		099D52FE2175C19E00E7B228 /* ViewController.swift */ = {isa = PBXFileReference; lastKnownFileType = sourcecode.swift; path = ViewController.swift; sourceTree = "<group>"; xcLanguageSpecificationIdentifier = xcode.lang.swift; };
		099D53012175C19E00E7B228 /* Base */ = {isa = PBXFileReference; lastKnownFileType = file.storyboard; name = Base; path = Base.lproj/Main.storyboard; sourceTree = "<group>"; };
		099D53032175C1BC00E7B228 /* Assets.xcassets */ = {isa = PBXFileReference; lastKnownFileType = folder.assetcatalog; path = Assets.xcassets; sourceTree = "<group>"; };
		099D53062175C1BC00E7B228 /* Base */ = {isa = PBXFileReference; lastKnownFileType = file.storyboard; name = Base; path = Base.lproj/LaunchScreen.storyboard; sourceTree = "<group>"; };
		099D53082175C1BC00E7B228 /* Info.plist */ = {isa = PBXFileReference; lastKnownFileType = text.plist.xml; path = Info.plist; sourceTree = "<group>"; };
		099D530D2175C1BE00E7B228 /* Test-CocoaTests.xctest */ = {isa = PBXFileReference; explicitFileType = wrapper.cfbundle; includeInIndex = 0; path = "Test-CocoaTests.xctest"; sourceTree = BUILT_PRODUCTS_DIR; };
		099D53112175C1BF00E7B228 /* Test_CocoaTests.swift */ = {isa = PBXFileReference; lastKnownFileType = sourcecode.swift; path = Test_CocoaTests.swift; sourceTree = "<group>"; };
		099D53132175C1BF00E7B228 /* Info.plist */ = {isa = PBXFileReference; lastKnownFileType = text.plist.xml; path = Info.plist; sourceTree = "<group>"; };
		099D53182175C1BF00E7B228 /* Test-CocoaUITests.xctest */ = {isa = PBXFileReference; explicitFileType = wrapper.cfbundle; includeInIndex = 0; path = "Test-CocoaUITests.xctest"; sourceTree = BUILT_PRODUCTS_DIR; };
		099D531C2175C1BF00E7B228 /* Test_CocoaUITests.swift */ = {isa = PBXFileReference; lastKnownFileType = sourcecode.swift; path = Test_CocoaUITests.swift; sourceTree = "<group>"; };
		099D531E2175C1BF00E7B228 /* Info.plist */ = {isa = PBXFileReference; lastKnownFileType = text.plist.xml; path = Info.plist; sourceTree = "<group>"; };
		09F1F55321981096000D2FCB /* farias_header.png */ = {isa = PBXFileReference; lastKnownFileType = image.png; path = farias_header.png; sourceTree = SOURCE_ROOT; };
		09F1F5552198118B000D2FCB /* Header.jpg */ = {isa = PBXFileReference; lastKnownFileType = image.jpeg; path = Header.jpg; sourceTree = SOURCE_ROOT; };
		09F1F5572198118B000D2FCB /* Logo_Official.png */ = {isa = PBXFileReference; lastKnownFileType = image.png; path = Logo_Official.png; sourceTree = SOURCE_ROOT; };
		09F1F56321981BA3000D2FCB /* Header.png */ = {isa = PBXFileReference; lastKnownFileType = image.png; path = Header.png; sourceTree = SOURCE_ROOT; };
		09F1F567219821FB000D2FCB /* Logo.png */ = {isa = PBXFileReference; lastKnownFileType = image.png; path = Logo.png; sourceTree = SOURCE_ROOT; };
		09F229BD219AC3C90034E9D7 /* LogoIcon 2020.png */ = {isa = PBXFileReference; lastKnownFileType = image.png; path = "LogoIcon 2020.png"; sourceTree = SOURCE_ROOT; };
		09F229BE219AC3C90034E9D7 /* LogoIcon4040.png */ = {isa = PBXFileReference; lastKnownFileType = image.png; path = LogoIcon4040.png; sourceTree = SOURCE_ROOT; };
		09F229BF219AC3C90034E9D7 /* LogoIcon 6060.png */ = {isa = PBXFileReference; lastKnownFileType = image.png; path = "LogoIcon 6060.png"; sourceTree = SOURCE_ROOT; };
		09F229C5219AC4E30034E9D7 /* LogoIcon 8080.png */ = {isa = PBXFileReference; lastKnownFileType = image.png; path = "LogoIcon 8080.png"; sourceTree = SOURCE_ROOT; };
		09F229C7219AC50F0034E9D7 /* LogoIcon 2929.png */ = {isa = PBXFileReference; lastKnownFileType = image.png; path = "LogoIcon 2929.png"; sourceTree = SOURCE_ROOT; };
		09F229C9219AC5900034E9D7 /* LogoIcon 120120.png */ = {isa = PBXFileReference; lastKnownFileType = image.png; path = "LogoIcon 120120.png"; sourceTree = SOURCE_ROOT; };
		09F229CB219AC5D30034E9D7 /* LogoIcon 5858.png */ = {isa = PBXFileReference; lastKnownFileType = image.png; path = "LogoIcon 5858.png"; sourceTree = SOURCE_ROOT; };
		09F229CD219AC62B0034E9D7 /* LogoIcon 8787.png */ = {isa = PBXFileReference; lastKnownFileType = image.png; path = "LogoIcon 8787.png"; sourceTree = SOURCE_ROOT; };
		09F229CF219AC6630034E9D7 /* LogoIcon 180180.png */ = {isa = PBXFileReference; lastKnownFileType = image.png; path = "LogoIcon 180180.png"; sourceTree = SOURCE_ROOT; };
		09F229D1219AC69B0034E9D7 /* LogoIcon 7676.png */ = {isa = PBXFileReference; lastKnownFileType = image.png; path = "LogoIcon 7676.png"; sourceTree = SOURCE_ROOT; };
		09F229D3219AC6C40034E9D7 /* LogoIcon 152152.png */ = {isa = PBXFileReference; lastKnownFileType = image.png; path = "LogoIcon 152152.png"; sourceTree = SOURCE_ROOT; };
		09F229D5219AC6E80034E9D7 /* LogoIcon 167167.png */ = {isa = PBXFileReference; lastKnownFileType = image.png; path = "LogoIcon 167167.png"; sourceTree = SOURCE_ROOT; };
		09F229D7219AC71B0034E9D7 /* LogoIcon 10241024.png */ = {isa = PBXFileReference; lastKnownFileType = image.png; path = "LogoIcon 10241024.png"; sourceTree = SOURCE_ROOT; };
		25248CF59E7F66C7FABAFC53 /* Pods-Test-CocoaTests.debug.xcconfig */ = {isa = PBXFileReference; includeInIndex = 1; lastKnownFileType = text.xcconfig; name = "Pods-Test-CocoaTests.debug.xcconfig"; path = "Pods/Target Support Files/Pods-Test-CocoaTests/Pods-Test-CocoaTests.debug.xcconfig"; sourceTree = "<group>"; };
		34ACDB1D00CA10F976C7A409 /* Pods-Test-Cocoa.debug.xcconfig */ = {isa = PBXFileReference; includeInIndex = 1; lastKnownFileType = text.xcconfig; name = "Pods-Test-Cocoa.debug.xcconfig"; path = "Pods/Target Support Files/Pods-Test-Cocoa/Pods-Test-Cocoa.debug.xcconfig"; sourceTree = "<group>"; };
		55B4B6328580DACE7455E15C /* Pods-Test-CocoaTests.release.xcconfig */ = {isa = PBXFileReference; includeInIndex = 1; lastKnownFileType = text.xcconfig; name = "Pods-Test-CocoaTests.release.xcconfig"; path = "Pods/Target Support Files/Pods-Test-CocoaTests/Pods-Test-CocoaTests.release.xcconfig"; sourceTree = "<group>"; };
		78062E82384ABB3375FFAFA8 /* Pods_Test_Cocoa.framework */ = {isa = PBXFileReference; explicitFileType = wrapper.framework; includeInIndex = 0; path = Pods_Test_Cocoa.framework; sourceTree = BUILT_PRODUCTS_DIR; };
		7DB66DC7A0D94D2A897FF00B /* Pods_Test_CocoaUITests.framework */ = {isa = PBXFileReference; explicitFileType = wrapper.framework; includeInIndex = 0; path = Pods_Test_CocoaUITests.framework; sourceTree = BUILT_PRODUCTS_DIR; };
		A83E26AE9270DECFAFB8BA8E /* Pods_Test_CocoaTests.framework */ = {isa = PBXFileReference; explicitFileType = wrapper.framework; includeInIndex = 0; path = Pods_Test_CocoaTests.framework; sourceTree = BUILT_PRODUCTS_DIR; };
		AC3302F9EF33DD91E03CA32A /* Pods-Test-Cocoa.release.xcconfig */ = {isa = PBXFileReference; includeInIndex = 1; lastKnownFileType = text.xcconfig; name = "Pods-Test-Cocoa.release.xcconfig"; path = "Pods/Target Support Files/Pods-Test-Cocoa/Pods-Test-Cocoa.release.xcconfig"; sourceTree = "<group>"; };
		DBEF561098ECB3FD4ED75AA2 /* Pods-Test-CocoaUITests.debug.xcconfig */ = {isa = PBXFileReference; includeInIndex = 1; lastKnownFileType = text.xcconfig; name = "Pods-Test-CocoaUITests.debug.xcconfig"; path = "Pods/Target Support Files/Pods-Test-CocoaUITests/Pods-Test-CocoaUITests.debug.xcconfig"; sourceTree = "<group>"; };
		F182F2B2FF3292A9EDA67566 /* Pods-Test-CocoaUITests.release.xcconfig */ = {isa = PBXFileReference; includeInIndex = 1; lastKnownFileType = text.xcconfig; name = "Pods-Test-CocoaUITests.release.xcconfig"; path = "Pods/Target Support Files/Pods-Test-CocoaUITests/Pods-Test-CocoaUITests.release.xcconfig"; sourceTree = "<group>"; };
/* End PBXFileReference section */

/* Begin PBXFrameworksBuildPhase section */
		099D52F62175C19E00E7B228 /* Frameworks */ = {
			isa = PBXFrameworksBuildPhase;
			buildActionMask = 2147483647;
			files = (
				AD3361459E9A3A27DE84ED16 /* Pods_Test_Cocoa.framework in Frameworks */,
			);
			runOnlyForDeploymentPostprocessing = 0;
		};
		099D530A2175C1BE00E7B228 /* Frameworks */ = {
			isa = PBXFrameworksBuildPhase;
			buildActionMask = 2147483647;
			files = (
				25D7F9CDA5875C6BC08EA790 /* Pods_Test_CocoaTests.framework in Frameworks */,
			);
			runOnlyForDeploymentPostprocessing = 0;
		};
		099D53152175C1BF00E7B228 /* Frameworks */ = {
			isa = PBXFrameworksBuildPhase;
			buildActionMask = 2147483647;
			files = (
				93370C40207B8D5B7028EE34 /* Pods_Test_CocoaUITests.framework in Frameworks */,
			);
			runOnlyForDeploymentPostprocessing = 0;
		};
/* End PBXFrameworksBuildPhase section */

/* Begin PBXGroup section */
		099D52F02175C19E00E7B228 = {
			isa = PBXGroup;
			children = (
				099D52FB2175C19E00E7B228 /* Test-Cocoa */,
				099D53102175C1BF00E7B228 /* Test-CocoaTests */,
				099D531B2175C1BF00E7B228 /* Test-CocoaUITests */,
				099D52FA2175C19E00E7B228 /* Products */,
				C9F16A855D430709E6025BA6 /* Pods */,
				8121D8442F095A1DDF220073 /* Frameworks */,
			);
			sourceTree = "<group>";
		};
		099D52FA2175C19E00E7B228 /* Products */ = {
			isa = PBXGroup;
			children = (
				099D52F92175C19E00E7B228 /* Test-Cocoa.app */,
				099D530D2175C1BE00E7B228 /* Test-CocoaTests.xctest */,
				099D53182175C1BF00E7B228 /* Test-CocoaUITests.xctest */,
			);
			name = Products;
			sourceTree = "<group>";
		};
		099D52FB2175C19E00E7B228 /* Test-Cocoa */ = {
			isa = PBXGroup;
			children = (
				0940F8EF21A5309800C7E142 /* appstoreLogo.png */,
				0940F8F121A5326F00C7E142 /* appstoreLogo.jpg */,
				09F229BD219AC3C90034E9D7 /* LogoIcon 2020.png */,
				09F229C7219AC50F0034E9D7 /* LogoIcon 2929.png */,
				09F229BE219AC3C90034E9D7 /* LogoIcon4040.png */,
				09F229CB219AC5D30034E9D7 /* LogoIcon 5858.png */,
				09F229BF219AC3C90034E9D7 /* LogoIcon 6060.png */,
				09F229D1219AC69B0034E9D7 /* LogoIcon 7676.png */,
				09F229C5219AC4E30034E9D7 /* LogoIcon 8080.png */,
				09F229CD219AC62B0034E9D7 /* LogoIcon 8787.png */,
				09F229C9219AC5900034E9D7 /* LogoIcon 120120.png */,
				09F229D3219AC6C40034E9D7 /* LogoIcon 152152.png */,
				09F229D5219AC6E80034E9D7 /* LogoIcon 167167.png */,
				09F229CF219AC6630034E9D7 /* LogoIcon 180180.png */,
				09F229D7219AC71B0034E9D7 /* LogoIcon 10241024.png */,
				09F1F5572198118B000D2FCB /* Logo_Official.png */,
				09F1F567219821FB000D2FCB /* Logo.png */,
				09F1F5552198118B000D2FCB /* Header.jpg */,
				09F1F56321981BA3000D2FCB /* Header.png */,
				09F1F55321981096000D2FCB /* farias_header.png */,
				099D52FC2175C19E00E7B228 /* AppDelegate.swift */,
				0902451221C117BF00F557EC /* popupVC.swift */,
				099D52FE2175C19E00E7B228 /* ViewController.swift */,
				09250004217DA76B004B0350 /* VideoDetailViewController.swift */,
				093AFEA92178609C00B66E20 /* Video.swift */,
				093AFEAB2178624E00B66E20 /* VideoModel.swift */,
				099D53002175C19E00E7B228 /* Main.storyboard */,
				099D53032175C1BC00E7B228 /* Assets.xcassets */,
				099D53052175C1BC00E7B228 /* LaunchScreen.storyboard */,
				099D53082175C1BC00E7B228 /* Info.plist */,
			);
			path = "Test-Cocoa";
			sourceTree = "<group>";
		};
		099D53102175C1BF00E7B228 /* Test-CocoaTests */ = {
			isa = PBXGroup;
			children = (
				099D53112175C1BF00E7B228 /* Test_CocoaTests.swift */,
				099D53132175C1BF00E7B228 /* Info.plist */,
			);
			path = "Test-CocoaTests";
			sourceTree = "<group>";
		};
		099D531B2175C1BF00E7B228 /* Test-CocoaUITests */ = {
			isa = PBXGroup;
			children = (
				099D531C2175C1BF00E7B228 /* Test_CocoaUITests.swift */,
				099D531E2175C1BF00E7B228 /* Info.plist */,
			);
			path = "Test-CocoaUITests";
			sourceTree = "<group>";
		};
		8121D8442F095A1DDF220073 /* Frameworks */ = {
			isa = PBXGroup;
			children = (
				78062E82384ABB3375FFAFA8 /* Pods_Test_Cocoa.framework */,
				A83E26AE9270DECFAFB8BA8E /* Pods_Test_CocoaTests.framework */,
				7DB66DC7A0D94D2A897FF00B /* Pods_Test_CocoaUITests.framework */,
			);
			name = Frameworks;
			sourceTree = "<group>";
		};
		C9F16A855D430709E6025BA6 /* Pods */ = {
			isa = PBXGroup;
			children = (
				34ACDB1D00CA10F976C7A409 /* Pods-Test-Cocoa.debug.xcconfig */,
				AC3302F9EF33DD91E03CA32A /* Pods-Test-Cocoa.release.xcconfig */,
				25248CF59E7F66C7FABAFC53 /* Pods-Test-CocoaTests.debug.xcconfig */,
				55B4B6328580DACE7455E15C /* Pods-Test-CocoaTests.release.xcconfig */,
				DBEF561098ECB3FD4ED75AA2 /* Pods-Test-CocoaUITests.debug.xcconfig */,
				F182F2B2FF3292A9EDA67566 /* Pods-Test-CocoaUITests.release.xcconfig */,
			);
			name = Pods;
			sourceTree = "<group>";
		};
/* End PBXGroup section */

/* Begin PBXNativeTarget section */
		099D52F82175C19E00E7B228 /* Test-Cocoa */ = {
			isa = PBXNativeTarget;
			buildConfigurationList = 099D53212175C1BF00E7B228 /* Build configuration list for PBXNativeTarget "Test-Cocoa" */;
			buildPhases = (
				BB5183AE2863C5A9C84C9AC8 /* [CP] Check Pods Manifest.lock */,
				099D52F52175C19E00E7B228 /* Sources */,
				099D52F62175C19E00E7B228 /* Frameworks */,
				099D52F72175C19E00E7B228 /* Resources */,
				9A869A60E9EF0B1600C24315 /* [CP] Embed Pods Frameworks */,
			);
			buildRules = (
			);
			dependencies = (
			);
			name = "Test-Cocoa";
			productName = "Test-Cocoa";
			productReference = 099D52F92175C19E00E7B228 /* Test-Cocoa.app */;
			productType = "com.apple.product-type.application";
		};
		099D530C2175C1BE00E7B228 /* Test-CocoaTests */ = {
			isa = PBXNativeTarget;
			buildConfigurationList = 099D53242175C1BF00E7B228 /* Build configuration list for PBXNativeTarget "Test-CocoaTests" */;
			buildPhases = (
				B512DFE92FD354CBDC1C13EA /* [CP] Check Pods Manifest.lock */,
				099D53092175C1BE00E7B228 /* Sources */,
				099D530A2175C1BE00E7B228 /* Frameworks */,
				099D530B2175C1BE00E7B228 /* Resources */,
			);
			buildRules = (
			);
			dependencies = (
				099D530F2175C1BF00E7B228 /* PBXTargetDependency */,
			);
			name = "Test-CocoaTests";
			productName = "Test-CocoaTests";
			productReference = 099D530D2175C1BE00E7B228 /* Test-CocoaTests.xctest */;
			productType = "com.apple.product-type.bundle.unit-test";
		};
		099D53172175C1BF00E7B228 /* Test-CocoaUITests */ = {
			isa = PBXNativeTarget;
			buildConfigurationList = 099D53272175C1BF00E7B228 /* Build configuration list for PBXNativeTarget "Test-CocoaUITests" */;
			buildPhases = (
				C8DCA1F7D4938CC340E3204F /* [CP] Check Pods Manifest.lock */,
				099D53142175C1BF00E7B228 /* Sources */,
				099D53152175C1BF00E7B228 /* Frameworks */,
				099D53162175C1BF00E7B228 /* Resources */,
			);
			buildRules = (
			);
			dependencies = (
				099D531A2175C1BF00E7B228 /* PBXTargetDependency */,
			);
			name = "Test-CocoaUITests";
			productName = "Test-CocoaUITests";
			productReference = 099D53182175C1BF00E7B228 /* Test-CocoaUITests.xctest */;
			productType = "com.apple.product-type.bundle.ui-testing";
		};
/* End PBXNativeTarget section */

/* Begin PBXProject section */
		099D52F12175C19E00E7B228 /* Project object */ = {
			isa = PBXProject;
			attributes = {
				LastSwiftUpdateCheck = 1000;
				LastUpgradeCheck = 1000;
				ORGANIZATIONNAME = "Andre Sampaio";
				TargetAttributes = {
					099D52F82175C19E00E7B228 = {
						CreatedOnToolsVersion = 10.0;
					};
					099D530C2175C1BE00E7B228 = {
						CreatedOnToolsVersion = 10.0;
						TestTargetID = 099D52F82175C19E00E7B228;
					};
					099D53172175C1BF00E7B228 = {
						CreatedOnToolsVersion = 10.0;
						TestTargetID = 099D52F82175C19E00E7B228;
					};
				};
			};
			buildConfigurationList = 099D52F42175C19E00E7B228 /* Build configuration list for PBXProject "Test-Cocoa" */;
			compatibilityVersion = "Xcode 9.3";
			developmentRegion = en;
			hasScannedForEncodings = 0;
			knownRegions = (
				en,
				Base,
			);
			mainGroup = 099D52F02175C19E00E7B228;
			productRefGroup = 099D52FA2175C19E00E7B228 /* Products */;
			projectDirPath = "";
			projectRoot = "";
			targets = (
				099D52F82175C19E00E7B228 /* Test-Cocoa */,
				099D530C2175C1BE00E7B228 /* Test-CocoaTests */,
				099D53172175C1BF00E7B228 /* Test-CocoaUITests */,
			);
		};
/* End PBXProject section */

/* Begin PBXResourcesBuildPhase section */
		099D52F72175C19E00E7B228 /* Resources */ = {
			isa = PBXResourcesBuildPhase;
			buildActionMask = 2147483647;
			files = (
				09F229D2219AC69B0034E9D7 /* LogoIcon 7676.png in Resources */,
				09F229CA219AC5900034E9D7 /* LogoIcon 120120.png in Resources */,
				09F229C0219AC3C90034E9D7 /* LogoIcon 2020.png in Resources */,
				0940F8F221A5326F00C7E142 /* appstoreLogo.jpg in Resources */,
				09F229C2219AC3C90034E9D7 /* LogoIcon 6060.png in Resources */,
				09F229D8219AC71C0034E9D7 /* LogoIcon 10241024.png in Resources */,
				099D53072175C1BC00E7B228 /* LaunchScreen.storyboard in Resources */,
				09F229CC219AC5D30034E9D7 /* LogoIcon 5858.png in Resources */,
				09F229C1219AC3C90034E9D7 /* LogoIcon4040.png in Resources */,
				09F1F5582198118B000D2FCB /* Header.jpg in Resources */,
				09F1F55A2198118B000D2FCB /* Logo_Official.png in Resources */,
				09F229C6219AC4E30034E9D7 /* LogoIcon 8080.png in Resources */,
				099D53042175C1BC00E7B228 /* Assets.xcassets in Resources */,
				09F1F568219821FB000D2FCB /* Logo.png in Resources */,
				09F229D6219AC6E80034E9D7 /* LogoIcon 167167.png in Resources */,
				0940F8F021A5309800C7E142 /* appstoreLogo.png in Resources */,
				09F1F55421981097000D2FCB /* farias_header.png in Resources */,
				09F229CE219AC62B0034E9D7 /* LogoIcon 8787.png in Resources */,
				09F1F56421981BA3000D2FCB /* Header.png in Resources */,
				099D53022175C19E00E7B228 /* Main.storyboard in Resources */,
				09F229D4219AC6C40034E9D7 /* LogoIcon 152152.png in Resources */,
				09F229D0219AC6630034E9D7 /* LogoIcon 180180.png in Resources */,
				09F229C8219AC5100034E9D7 /* LogoIcon 2929.png in Resources */,
			);
			runOnlyForDeploymentPostprocessing = 0;
		};
		099D530B2175C1BE00E7B228 /* Resources */ = {
			isa = PBXResourcesBuildPhase;
			buildActionMask = 2147483647;
			files = (
			);
			runOnlyForDeploymentPostprocessing = 0;
		};
		099D53162175C1BF00E7B228 /* Resources */ = {
			isa = PBXResourcesBuildPhase;
			buildActionMask = 2147483647;
			files = (
			);
			runOnlyForDeploymentPostprocessing = 0;
		};
/* End PBXResourcesBuildPhase section */

/* Begin PBXShellScriptBuildPhase section */
		9A869A60E9EF0B1600C24315 /* [CP] Embed Pods Frameworks */ = {
			isa = PBXShellScriptBuildPhase;
			buildActionMask = 2147483647;
			files = (
			);
			inputFileListPaths = (
			);
			inputPaths = (
				"${PODS_ROOT}/Target Support Files/Pods-Test-Cocoa/Pods-Test-Cocoa-frameworks.sh",
				"${BUILT_PRODUCTS_DIR}/Alamofire/Alamofire.framework",
				"${BUILT_PRODUCTS_DIR}/Bolts/Bolts.framework",
				"${BUILT_PRODUCTS_DIR}/FBSDKCoreKit/FBSDKCoreKit.framework",
				"${BUILT_PRODUCTS_DIR}/FBSDKLoginKit/FBSDKLoginKit.framework",
				"${BUILT_PRODUCTS_DIR}/FBSDKShareKit/FBSDKShareKit.framework",
				"${BUILT_PRODUCTS_DIR}/youtube-ios-player-helper/youtube_ios_player_helper.framework",
			);
			name = "[CP] Embed Pods Frameworks";
			outputFileListPaths = (
			);
			outputPaths = (
				"${TARGET_BUILD_DIR}/${FRAMEWORKS_FOLDER_PATH}/Alamofire.framework",
				"${TARGET_BUILD_DIR}/${FRAMEWORKS_FOLDER_PATH}/Bolts.framework",
				"${TARGET_BUILD_DIR}/${FRAMEWORKS_FOLDER_PATH}/FBSDKCoreKit.framework",
				"${TARGET_BUILD_DIR}/${FRAMEWORKS_FOLDER_PATH}/FBSDKLoginKit.framework",
				"${TARGET_BUILD_DIR}/${FRAMEWORKS_FOLDER_PATH}/FBSDKShareKit.framework",
				"${TARGET_BUILD_DIR}/${FRAMEWORKS_FOLDER_PATH}/youtube_ios_player_helper.framework",
			);
			runOnlyForDeploymentPostprocessing = 0;
			shellPath = /bin/sh;
			shellScript = "\"${PODS_ROOT}/Target Support Files/Pods-Test-Cocoa/Pods-Test-Cocoa-frameworks.sh\"\n";
			showEnvVarsInLog = 0;
		};
		B512DFE92FD354CBDC1C13EA /* [CP] Check Pods Manifest.lock */ = {
			isa = PBXShellScriptBuildPhase;
			buildActionMask = 2147483647;
			files = (
			);
			inputFileListPaths = (
			);
			inputPaths = (
				"${PODS_PODFILE_DIR_PATH}/Podfile.lock",
				"${PODS_ROOT}/Manifest.lock",
			);
			name = "[CP] Check Pods Manifest.lock";
			outputFileListPaths = (
			);
			outputPaths = (
				"$(DERIVED_FILE_DIR)/Pods-Test-CocoaTests-checkManifestLockResult.txt",
			);
			runOnlyForDeploymentPostprocessing = 0;
			shellPath = /bin/sh;
			shellScript = "diff \"${PODS_PODFILE_DIR_PATH}/Podfile.lock\" \"${PODS_ROOT}/Manifest.lock\" > /dev/null\nif [ $? != 0 ] ; then\n    # print error to STDERR\n    echo \"error: The sandbox is not in sync with the Podfile.lock. Run 'pod install' or update your CocoaPods installation.\" >&2\n    exit 1\nfi\n# This output is used by Xcode 'outputs' to avoid re-running this script phase.\necho \"SUCCESS\" > \"${SCRIPT_OUTPUT_FILE_0}\"\n";
			showEnvVarsInLog = 0;
		};
		BB5183AE2863C5A9C84C9AC8 /* [CP] Check Pods Manifest.lock */ = {
			isa = PBXShellScriptBuildPhase;
			buildActionMask = 2147483647;
			files = (
			);
			inputFileListPaths = (
			);
			inputPaths = (
				"${PODS_PODFILE_DIR_PATH}/Podfile.lock",
				"${PODS_ROOT}/Manifest.lock",
			);
			name = "[CP] Check Pods Manifest.lock";
			outputFileListPaths = (
			);
			outputPaths = (
				"$(DERIVED_FILE_DIR)/Pods-Test-Cocoa-checkManifestLockResult.txt",
			);
			runOnlyForDeploymentPostprocessing = 0;
			shellPath = /bin/sh;
			shellScript = "diff \"${PODS_PODFILE_DIR_PATH}/Podfile.lock\" \"${PODS_ROOT}/Manifest.lock\" > /dev/null\nif [ $? != 0 ] ; then\n    # print error to STDERR\n    echo \"error: The sandbox is not in sync with the Podfile.lock. Run 'pod install' or update your CocoaPods installation.\" >&2\n    exit 1\nfi\n# This output is used by Xcode 'outputs' to avoid re-running this script phase.\necho \"SUCCESS\" > \"${SCRIPT_OUTPUT_FILE_0}\"\n";
			showEnvVarsInLog = 0;
		};
		C8DCA1F7D4938CC340E3204F /* [CP] Check Pods Manifest.lock */ = {
			isa = PBXShellScriptBuildPhase;
			buildActionMask = 2147483647;
			files = (
			);
			inputFileListPaths = (
			);
			inputPaths = (
				"${PODS_PODFILE_DIR_PATH}/Podfile.lock",
				"${PODS_ROOT}/Manifest.lock",
			);
			name = "[CP] Check Pods Manifest.lock";
			outputFileListPaths = (
			);
			outputPaths = (
				"$(DERIVED_FILE_DIR)/Pods-Test-CocoaUITests-checkManifestLockResult.txt",
			);
			runOnlyForDeploymentPostprocessing = 0;
			shellPath = /bin/sh;
			shellScript = "diff \"${PODS_PODFILE_DIR_PATH}/Podfile.lock\" \"${PODS_ROOT}/Manifest.lock\" > /dev/null\nif [ $? != 0 ] ; then\n    # print error to STDERR\n    echo \"error: The sandbox is not in sync with the Podfile.lock. Run 'pod install' or update your CocoaPods installation.\" >&2\n    exit 1\nfi\n# This output is used by Xcode 'outputs' to avoid re-running this script phase.\necho \"SUCCESS\" > \"${SCRIPT_OUTPUT_FILE_0}\"\n";
			showEnvVarsInLog = 0;
		};
/* End PBXShellScriptBuildPhase section */

/* Begin PBXSourcesBuildPhase section */
		099D52F52175C19E00E7B228 /* Sources */ = {
			isa = PBXSourcesBuildPhase;
			buildActionMask = 2147483647;
			files = (
				099D52FF2175C19E00E7B228 /* ViewController.swift in Sources */,
				093AFEAA2178609C00B66E20 /* Video.swift in Sources */,
				099D52FD2175C19E00E7B228 /* AppDelegate.swift in Sources */,
				09250005217DA76B004B0350 /* VideoDetailViewController.swift in Sources */,
				093AFEAC2178624E00B66E20 /* VideoModel.swift in Sources */,
				0902451321C117BF00F557EC /* popupVC.swift in Sources */,
			);
			runOnlyForDeploymentPostprocessing = 0;
		};
		099D53092175C1BE00E7B228 /* Sources */ = {
			isa = PBXSourcesBuildPhase;
			buildActionMask = 2147483647;
			files = (
				099D53122175C1BF00E7B228 /* Test_CocoaTests.swift in Sources */,
			);
			runOnlyForDeploymentPostprocessing = 0;
		};
		099D53142175C1BF00E7B228 /* Sources */ = {
			isa = PBXSourcesBuildPhase;
			buildActionMask = 2147483647;
			files = (
				099D531D2175C1BF00E7B228 /* Test_CocoaUITests.swift in Sources */,
			);
			runOnlyForDeploymentPostprocessing = 0;
		};
/* End PBXSourcesBuildPhase section */

/* Begin PBXTargetDependency section */
		099D530F2175C1BF00E7B228 /* PBXTargetDependency */ = {
			isa = PBXTargetDependency;
			target = 099D52F82175C19E00E7B228 /* Test-Cocoa */;
			targetProxy = 099D530E2175C1BF00E7B228 /* PBXContainerItemProxy */;
		};
		099D531A2175C1BF00E7B228 /* PBXTargetDependency */ = {
			isa = PBXTargetDependency;
			target = 099D52F82175C19E00E7B228 /* Test-Cocoa */;
			targetProxy = 099D53192175C1BF00E7B228 /* PBXContainerItemProxy */;
		};
/* End PBXTargetDependency section */

/* Begin PBXVariantGroup section */
		099D53002175C19E00E7B228 /* Main.storyboard */ = {
			isa = PBXVariantGroup;
			children = (
				099D53012175C19E00E7B228 /* Base */,
			);
			name = Main.storyboard;
			sourceTree = "<group>";
		};
		099D53052175C1BC00E7B228 /* LaunchScreen.storyboard */ = {
			isa = PBXVariantGroup;
			children = (
				099D53062175C1BC00E7B228 /* Base */,
			);
			name = LaunchScreen.storyboard;
			sourceTree = "<group>";
		};
/* End PBXVariantGroup section */

/* Begin XCBuildConfiguration section */
		099D531F2175C1BF00E7B228 /* Debug */ = {
			isa = XCBuildConfiguration;
			buildSettings = {
				ALWAYS_SEARCH_USER_PATHS = NO;
				CLANG_ANALYZER_NONNULL = YES;
				CLANG_ANALYZER_NUMBER_OBJECT_CONVERSION = YES_AGGRESSIVE;
				CLANG_CXX_LANGUAGE_STANDARD = "gnu++14";
				CLANG_CXX_LIBRARY = "libc++";
				CLANG_ENABLE_MODULES = YES;
				CLANG_ENABLE_OBJC_ARC = YES;
				CLANG_ENABLE_OBJC_WEAK = YES;
				CLANG_WARN_BLOCK_CAPTURE_AUTORELEASING = YES;
				CLANG_WARN_BOOL_CONVERSION = YES;
				CLANG_WARN_COMMA = YES;
				CLANG_WARN_CONSTANT_CONVERSION = YES;
				CLANG_WARN_DEPRECATED_OBJC_IMPLEMENTATIONS = YES;
				CLANG_WARN_DIRECT_OBJC_ISA_USAGE = YES_ERROR;
				CLANG_WARN_DOCUMENTATION_COMMENTS = YES;
				CLANG_WARN_EMPTY_BODY = YES;
				CLANG_WARN_ENUM_CONVERSION = YES;
				CLANG_WARN_INFINITE_RECURSION = YES;
				CLANG_WARN_INT_CONVERSION = YES;
				CLANG_WARN_NON_LITERAL_NULL_CONVERSION = YES;
				CLANG_WARN_OBJC_IMPLICIT_RETAIN_SELF = YES;
				CLANG_WARN_OBJC_LITERAL_CONVERSION = YES;
				CLANG_WARN_OBJC_ROOT_CLASS = YES_ERROR;
				CLANG_WARN_RANGE_LOOP_ANALYSIS = YES;
				CLANG_WARN_STRICT_PROTOTYPES = YES;
				CLANG_WARN_SUSPICIOUS_MOVE = YES;
				CLANG_WARN_UNGUARDED_AVAILABILITY = YES_AGGRESSIVE;
				CLANG_WARN_UNREACHABLE_CODE = YES;
				CLANG_WARN__DUPLICATE_METHOD_MATCH = YES;
				CODE_SIGN_IDENTITY = "iPhone Developer";
				COPY_PHASE_STRIP = NO;
				DEBUG_INFORMATION_FORMAT = dwarf;
				ENABLE_STRICT_OBJC_MSGSEND = YES;
				ENABLE_TESTABILITY = YES;
				GCC_C_LANGUAGE_STANDARD = gnu11;
				GCC_DYNAMIC_NO_PIC = NO;
				GCC_NO_COMMON_BLOCKS = YES;
				GCC_OPTIMIZATION_LEVEL = 0;
				GCC_PREPROCESSOR_DEFINITIONS = (
					"DEBUG=1",
					"$(inherited)",
				);
				GCC_WARN_64_TO_32_BIT_CONVERSION = YES;
				GCC_WARN_ABOUT_RETURN_TYPE = YES_ERROR;
				GCC_WARN_UNDECLARED_SELECTOR = YES;
				GCC_WARN_UNINITIALIZED_AUTOS = YES_AGGRESSIVE;
				GCC_WARN_UNUSED_FUNCTION = YES;
				GCC_WARN_UNUSED_VARIABLE = YES;
				IPHONEOS_DEPLOYMENT_TARGET = 12.0;
				MTL_ENABLE_DEBUG_INFO = INCLUDE_SOURCE;
				MTL_FAST_MATH = YES;
				ONLY_ACTIVE_ARCH = YES;
				SDKROOT = iphoneos;
				SWIFT_ACTIVE_COMPILATION_CONDITIONS = DEBUG;
				SWIFT_OPTIMIZATION_LEVEL = "-Onone";
			};
			name = Debug;
		};
		099D53202175C1BF00E7B228 /* Release */ = {
			isa = XCBuildConfiguration;
			buildSettings = {
				ALWAYS_SEARCH_USER_PATHS = NO;
				CLANG_ANALYZER_NONNULL = YES;
				CLANG_ANALYZER_NUMBER_OBJECT_CONVERSION = YES_AGGRESSIVE;
				CLANG_CXX_LANGUAGE_STANDARD = "gnu++14";
				CLANG_CXX_LIBRARY = "libc++";
				CLANG_ENABLE_MODULES = YES;
				CLANG_ENABLE_OBJC_ARC = YES;
				CLANG_ENABLE_OBJC_WEAK = YES;
				CLANG_WARN_BLOCK_CAPTURE_AUTORELEASING = YES;
				CLANG_WARN_BOOL_CONVERSION = YES;
				CLANG_WARN_COMMA = YES;
				CLANG_WARN_CONSTANT_CONVERSION = YES;
				CLANG_WARN_DEPRECATED_OBJC_IMPLEMENTATIONS = YES;
				CLANG_WARN_DIRECT_OBJC_ISA_USAGE = YES_ERROR;
				CLANG_WARN_DOCUMENTATION_COMMENTS = YES;
				CLANG_WARN_EMPTY_BODY = YES;
				CLANG_WARN_ENUM_CONVERSION = YES;
				CLANG_WARN_INFINITE_RECURSION = YES;
				CLANG_WARN_INT_CONVERSION = YES;
				CLANG_WARN_NON_LITERAL_NULL_CONVERSION = YES;
				CLANG_WARN_OBJC_IMPLICIT_RETAIN_SELF = YES;
				CLANG_WARN_OBJC_LITERAL_CONVERSION = YES;
				CLANG_WARN_OBJC_ROOT_CLASS = YES_ERROR;
				CLANG_WARN_RANGE_LOOP_ANALYSIS = YES;
				CLANG_WARN_STRICT_PROTOTYPES = YES;
				CLANG_WARN_SUSPICIOUS_MOVE = YES;
				CLANG_WARN_UNGUARDED_AVAILABILITY = YES_AGGRESSIVE;
				CLANG_WARN_UNREACHABLE_CODE = YES;
				CLANG_WARN__DUPLICATE_METHOD_MATCH = YES;
				CODE_SIGN_IDENTITY = "iPhone Developer";
				COPY_PHASE_STRIP = NO;
				DEBUG_INFORMATION_FORMAT = "dwarf-with-dsym";
				ENABLE_NS_ASSERTIONS = NO;
				ENABLE_STRICT_OBJC_MSGSEND = YES;
				GCC_C_LANGUAGE_STANDARD = gnu11;
				GCC_NO_COMMON_BLOCKS = YES;
				GCC_WARN_64_TO_32_BIT_CONVERSION = YES;
				GCC_WARN_ABOUT_RETURN_TYPE = YES_ERROR;
				GCC_WARN_UNDECLARED_SELECTOR = YES;
				GCC_WARN_UNINITIALIZED_AUTOS = YES_AGGRESSIVE;
				GCC_WARN_UNUSED_FUNCTION = YES;
				GCC_WARN_UNUSED_VARIABLE = YES;
				IPHONEOS_DEPLOYMENT_TARGET = 12.0;
				MTL_ENABLE_DEBUG_INFO = NO;
				MTL_FAST_MATH = YES;
				SDKROOT = iphoneos;
				SWIFT_COMPILATION_MODE = wholemodule;
				SWIFT_OPTIMIZATION_LEVEL = "-O";
				VALIDATE_PRODUCT = YES;
			};
			name = Release;
		};
		099D53222175C1BF00E7B228 /* Debug */ = {
			isa = XCBuildConfiguration;
			baseConfigurationReference = 34ACDB1D00CA10F976C7A409 /* Pods-Test-Cocoa.debug.xcconfig */;
			buildSettings = {
				ASSETCATALOG_COMPILER_APPICON_NAME = AppIcon;
				CODE_SIGN_STYLE = Automatic;
				DEVELOPMENT_TEAM = 9W95UAUZC2;
				INFOPLIST_FILE = "Test-Cocoa/Info.plist";
				LD_RUNPATH_SEARCH_PATHS = (
					"$(inherited)",
					"@executable_path/Frameworks",
				);
				PRODUCT_BUNDLE_IDENTIFIER = com.codesampaioawillremor.YouTubeApp;
				PRODUCT_NAME = "$(TARGET_NAME)";
				SWIFT_VERSION = 4.2;
				TARGETED_DEVICE_FAMILY = "1,2";
			};
			name = Debug;
		};
		099D53232175C1BF00E7B228 /* Release */ = {
			isa = XCBuildConfiguration;
			baseConfigurationReference = AC3302F9EF33DD91E03CA32A /* Pods-Test-Cocoa.release.xcconfig */;
			buildSettings = {
				ASSETCATALOG_COMPILER_APPICON_NAME = AppIcon;
				CODE_SIGN_STYLE = Automatic;
				DEVELOPMENT_TEAM = 9W95UAUZC2;
				INFOPLIST_FILE = "Test-Cocoa/Info.plist";
				LD_RUNPATH_SEARCH_PATHS = (
					"$(inherited)",
					"@executable_path/Frameworks",
				);
				PRODUCT_BUNDLE_IDENTIFIER = com.codesampaioawillremor.YouTubeApp;
				PRODUCT_NAME = "$(TARGET_NAME)";
				SWIFT_VERSION = 4.2;
				TARGETED_DEVICE_FAMILY = "1,2";
			};
			name = Release;
		};
		099D53252175C1BF00E7B228 /* Debug */ = {
			isa = XCBuildConfiguration;
			baseConfigurationReference = 25248CF59E7F66C7FABAFC53 /* Pods-Test-CocoaTests.debug.xcconfig */;
			buildSettings = {
				ALWAYS_EMBED_SWIFT_STANDARD_LIBRARIES = YES;
				BUNDLE_LOADER = "$(TEST_HOST)";
				CODE_SIGN_STYLE = Automatic;
				DEVELOPMENT_TEAM = 9W95UAUZC2;
				INFOPLIST_FILE = "Test-CocoaTests/Info.plist";
				LD_RUNPATH_SEARCH_PATHS = (
					"$(inherited)",
					"@executable_path/Frameworks",
					"@loader_path/Frameworks",
				);
				PRODUCT_BUNDLE_IDENTIFIER = "test.Test-CocoaTests";
				PRODUCT_NAME = "$(TARGET_NAME)";
				SWIFT_VERSION = 4.2;
				TARGETED_DEVICE_FAMILY = "1,2";
				TEST_HOST = "$(BUILT_PRODUCTS_DIR)/Test-Cocoa.app/Test-Cocoa";
			};
			name = Debug;
		};
		099D53262175C1BF00E7B228 /* Release */ = {
			isa = XCBuildConfiguration;
			baseConfigurationReference = 55B4B6328580DACE7455E15C /* Pods-Test-CocoaTests.release.xcconfig */;
			buildSettings = {
				ALWAYS_EMBED_SWIFT_STANDARD_LIBRARIES = YES;
				BUNDLE_LOADER = "$(TEST_HOST)";
				CODE_SIGN_STYLE = Automatic;
				DEVELOPMENT_TEAM = 9W95UAUZC2;
				INFOPLIST_FILE = "Test-CocoaTests/Info.plist";
				LD_RUNPATH_SEARCH_PATHS = (
					"$(inherited)",
					"@executable_path/Frameworks",
					"@loader_path/Frameworks",
				);
				PRODUCT_BUNDLE_IDENTIFIER = "test.Test-CocoaTests";
				PRODUCT_NAME = "$(TARGET_NAME)";
				SWIFT_VERSION = 4.2;
				TARGETED_DEVICE_FAMILY = "1,2";
				TEST_HOST = "$(BUILT_PRODUCTS_DIR)/Test-Cocoa.app/Test-Cocoa";
			};
			name = Release;
		};
		099D53282175C1BF00E7B228 /* Debug */ = {
			isa = XCBuildConfiguration;
			baseConfigurationReference = DBEF561098ECB3FD4ED75AA2 /* Pods-Test-CocoaUITests.debug.xcconfig */;
			buildSettings = {
				ALWAYS_EMBED_SWIFT_STANDARD_LIBRARIES = YES;
				CODE_SIGN_STYLE = Automatic;
				DEVELOPMENT_TEAM = 9W95UAUZC2;
				INFOPLIST_FILE = "Test-CocoaUITests/Info.plist";
				LD_RUNPATH_SEARCH_PATHS = (
					"$(inherited)",
					"@executable_path/Frameworks",
					"@loader_path/Frameworks",
				);
				PRODUCT_BUNDLE_IDENTIFIER = "test.Test-CocoaUITests";
				PRODUCT_NAME = "$(TARGET_NAME)";
				SWIFT_VERSION = 4.2;
				TARGETED_DEVICE_FAMILY = "1,2";
				TEST_TARGET_NAME = "Test-Cocoa";
			};
			name = Debug;
		};
		099D53292175C1BF00E7B228 /* Release */ = {
			isa = XCBuildConfiguration;
			baseConfigurationReference = F182F2B2FF3292A9EDA67566 /* Pods-Test-CocoaUITests.release.xcconfig */;
			buildSettings = {
				ALWAYS_EMBED_SWIFT_STANDARD_LIBRARIES = YES;
				CODE_SIGN_STYLE = Automatic;
				DEVELOPMENT_TEAM = 9W95UAUZC2;
				INFOPLIST_FILE = "Test-CocoaUITests/Info.plist";
				LD_RUNPATH_SEARCH_PATHS = (
					"$(inherited)",
					"@executable_path/Frameworks",
					"@loader_path/Frameworks",
				);
				PRODUCT_BUNDLE_IDENTIFIER = "test.Test-CocoaUITests";
				PRODUCT_NAME = "$(TARGET_NAME)";
				SWIFT_VERSION = 4.2;
				TARGETED_DEVICE_FAMILY = "1,2";
				TEST_TARGET_NAME = "Test-Cocoa";
			};
			name = Release;
		};
/* End XCBuildConfiguration section */

/* Begin XCConfigurationList section */
		099D52F42175C19E00E7B228 /* Build configuration list for PBXProject "Test-Cocoa" */ = {
			isa = XCConfigurationList;
			buildConfigurations = (
				099D531F2175C1BF00E7B228 /* Debug */,
				099D53202175C1BF00E7B228 /* Release */,
			);
			defaultConfigurationIsVisible = 0;
			defaultConfigurationName = Release;
		};
		099D53212175C1BF00E7B228 /* Build configuration list for PBXNativeTarget "Test-Cocoa" */ = {
			isa = XCConfigurationList;
			buildConfigurations = (
				099D53222175C1BF00E7B228 /* Debug */,
				099D53232175C1BF00E7B228 /* Release */,
			);
			defaultConfigurationIsVisible = 0;
			defaultConfigurationName = Release;
		};
		099D53242175C1BF00E7B228 /* Build configuration list for PBXNativeTarget "Test-CocoaTests" */ = {
			isa = XCConfigurationList;
			buildConfigurations = (
				099D53252175C1BF00E7B228 /* Debug */,
				099D53262175C1BF00E7B228 /* Release */,
			);
			defaultConfigurationIsVisible = 0;
			defaultConfigurationName = Release;
		};
		099D53272175C1BF00E7B228 /* Build configuration list for PBXNativeTarget "Test-CocoaUITests" */ = {
			isa = XCConfigurationList;
			buildConfigurations = (
				099D53282175C1BF00E7B228 /* Debug */,
				099D53292175C1BF00E7B228 /* Release */,
			);
			defaultConfigurationIsVisible = 0;
			defaultConfigurationName = Release;
		};
/* End XCConfigurationList section */
	};
	rootObject = 099D52F12175C19E00E7B228 /* Project object */;
}
